<Project ToolsVersion="4.0" xmlns="http://schemas.microsoft.com/developer/msbuild/2003">
  <ItemGroup>
    <Filter Include="Source Files">
      <UniqueIdentifier>{4FC737F1-C7A5-4376-A066-2A32D752A2FF}</UniqueIdentifier>
      <Extensions>cpp;c;cc;cxx;def;odl;idl;hpj;bat;asm;asmx</Extensions>
    </Filter>
    <Filter Include="Header Files">
      <UniqueIdentifier>{93995380-89BD-4b04-88EB-625FBE52EBFB}</UniqueIdentifier>
      <Extensions>h;hpp;hxx;hm;inl;inc;xsd</Extensions>
    </Filter>
    <Filter Include="Audio">
      <UniqueIdentifier>{487f418f-a164-4080-a9ad-ac60d34936ad}</UniqueIdentifier>
    </Filter>
    <Filter Include="Resource Files">
      <UniqueIdentifier>{67DA6AB6-F800-4c08-8B7A-83BB121AAD01}</UniqueIdentifier>
      <Extensions>rc;ico;cur;bmp;dlg;rc2;rct;bin;rgs;gif;jpg;jpeg;jpe;resx;tiff;tif;png;wav</Extensions>
    </Filter>
    <Filter Include="Blocks">
      <UniqueIdentifier>{c2539fa8-aebd-4850-8ae5-8476d9dddc3a}</UniqueIdentifier>
    </Filter>
    <Filter Include="Blocks\ImGui">
      <UniqueIdentifier>{c089b4ba-4c90-4c74-a7a0-32ac204a24f5}</UniqueIdentifier>
    </Filter>
    <Filter Include="Blocks\ImGui\lib">
      <UniqueIdentifier>{acd30736-07c5-4220-94fe-ffe5a037f0b4}</UniqueIdentifier>
    </Filter>
    <Filter Include="Blocks\ImGui\lib\imgui">
      <UniqueIdentifier>{fada50b2-f94d-4a90-8cda-919fd7dcb32f}</UniqueIdentifier>
    </Filter>
    <Filter Include="Blocks\ImGui\include">
      <UniqueIdentifier>{4820d308-75c5-4677-8d10-d7f0075c1ee2}</UniqueIdentifier>
    </Filter>
    <Filter Include="Blocks\ImGui\src">
      <UniqueIdentifier>{7906609a-4ca9-40be-97a4-e56eacb66fe7}</UniqueIdentifier>
    </Filter>
    <Filter Include="Blocks\Osc">
      <UniqueIdentifier>{35d65132-9982-42c7-be32-042cb21ca738}</UniqueIdentifier>
    </Filter>
  </ItemGroup>
  <ItemGroup>
    <ClCompile Include="..\src\Player.cpp">
      <Filter>Source Files</Filter>
    </ClCompile>
    <ClInclude Include="..\..\..\..\Libraries\Cinder\blocks\Cinder-ImGui\include\CinderImGui.h">
      <Filter>Blocks\ImGui\include</Filter>
    </ClInclude>
    <ClInclude Include="..\..\..\..\Libraries\Cinder\blocks\Cinder-ImGui\lib\imgui\imgui.h">
      <Filter>Blocks\ImGui\lib\imgui</Filter>
    </ClInclude>
    <ClInclude Include="..\..\..\..\Libraries\Cinder\blocks\Cinder-ImGui\lib\imgui\imgui_internal.h">
      <Filter>Blocks\ImGui\lib\imgui</Filter>
    </ClInclude>
    <ClInclude Include="..\..\..\..\Libraries\Cinder\blocks\Cinder-ImGui\lib\imgui\imconfig.h">
      <Filter>Blocks\ImGui\lib\imgui</Filter>
    </ClInclude>
    <ClInclude Include="..\..\..\..\Libraries\Cinder\blocks\OSC\src\cinder\osc\Osc.h">
      <Filter>Blocks\Osc</Filter>
    </ClInclude>
    <ClCompile Include="..\..\..\_common\src\AudioDrawUtils.cpp">
      <Filter>Audio</Filter>
    </ClCompile>
    <ClCompile Include="..\..\..\_common\src\AudioManager.cpp">
      <Filter>Audio</Filter>
    </ClCompile>
    <ClCompile Include="..\..\..\_common\src\CommonUtils.cpp">
      <Filter>Audio</Filter>
    </ClCompile>
    <ClCompile Include="..\..\..\_common\src\DistortionNode.cpp">
      <Filter>Audio</Filter>
    </ClCompile>
    <ClCompile Include="..\..\..\_common\src\GrainNode.cpp">
      <Filter>Audio</Filter>
    </ClCompile>
    <ClCompile Include="..\..\..\_common\src\GranularPlayer.cpp">
      <Filter>Audio</Filter>
    </ClCompile>
    <ClCompile Include="..\..\..\_common\src\Instrument.cpp">
      <Filter>Audio</Filter>
    </ClCompile>
    <ClCompile Include="..\..\..\_common\src\LiveChannel.cpp">
      <Filter>Audio</Filter>
    </ClCompile>
    <ClCompile Include="..\..\..\_common\src\MoogFilterNode.cpp">
      <Filter>Audio</Filter>
    </ClCompile>
    <ClCompile Include="..\..\..\_common\src\NoteSequencer.cpp">
      <Filter>Audio</Filter>
    </ClCompile>
    <ClCompile Include="..\..\..\_common\src\Pattern.cpp">
      <Filter>Audio</Filter>
    </ClCompile>
    <ClCompile Include="..\..\..\_common\src\PitchedBufferPlayerNode.cpp">
      <Filter>Audio</Filter>
    </ClCompile>
    <ClCompile Include="..\..\..\_common\src\PolySamplePlayer.cpp">
      <Filter>Audio</Filter>
    </ClCompile>
    <ClCompile Include="..\..\..\_common\src\PolyWavetablePlayer.cpp">
      <Filter>Audio</Filter>
    </ClCompile>
    <ClCompile Include="..\..\..\_common\src\Recorder.cpp">
      <Filter>Audio</Filter>
    </ClCompile>
    <ClCompile Include="..\..\..\_common\src\SampleBank.cpp">
      <Filter>Audio</Filter>
    </ClCompile>
    <ClCompile Include="..\..\..\_common\src\SampleNode.cpp">
      <Filter>Audio</Filter>
    </ClCompile>
    <ClCompile Include="..\..\..\_common\src\SampleVoice.cpp">
      <Filter>Audio</Filter>
    </ClCompile>
    <ClCompile Include="..\..\..\_common\src\SequencedSample.cpp">
      <Filter>Audio</Filter>
    </ClCompile>
    <ClCompile Include="..\..\..\_common\src\Sequencer.cpp">
      <Filter>Audio</Filter>
    </ClCompile>
    <ClCompile Include="..\..\..\_common\src\WavetableVoice.cpp">
      <Filter>Audio</Filter>
    </ClCompile>
    <ClCompile Include="..\..\..\_common\src\EnvelopeFollowerNode.cpp">
      <Filter>Audio</Filter>
    </ClCompile>
    <ClCompile Include="..\..\..\_common\src\ComparatorNode.cpp">
      <Filter>Audio</Filter>
    </ClCompile>
    <ClCompile Include="..\..\..\_common\src\Circuits.cpp">
      <Filter>Audio</Filter>
    </ClCompile>
    <ClCompile Include="..\..\..\_common\src\ClockNode.cpp">
      <Filter>Audio</Filter>
    </ClCompile>
    <ClCompile Include="..\..\..\_common\src\SequencerNode.cpp">
      <Filter>Audio</Filter>
    </ClCompile>
  </ItemGroup>
  <ItemGroup>
    <ClInclude Include="..\include\Resources.h">
      <Filter>Header Files</Filter>
    </ClInclude>
    <ClInclude Include="..\include\Resources.h">
      <Filter>Header Files</Filter>
    </ClInclude>
    <ClInclude Include="..\..\..\_common\include\AudioDrawUtils.h">
      <Filter>Audio</Filter>
    </ClInclude>
    <ClInclude Include="..\..\..\_common\include\AudioManager.hpp">
      <Filter>Audio</Filter>
    </ClInclude>
    <ClInclude Include="..\..\..\_common\include\CommonUtils.h">
      <Filter>Audio</Filter>
    </ClInclude>
    <ClInclude Include="..\..\..\_common\include\DistortionNode.h">
      <Filter>Audio</Filter>
    </ClInclude>
    <ClInclude Include="..\..\..\_common\include\GrainNode.h">
      <Filter>Audio</Filter>
    </ClInclude>
    <ClInclude Include="..\..\..\_common\include\GranularPlayer.hpp">
      <Filter>Audio</Filter>
    </ClInclude>
    <ClInclude Include="..\..\..\_common\include\Instrument.hpp">
      <Filter>Audio</Filter>
    </ClInclude>
    <ClInclude Include="..\..\..\_common\include\LiveChannel.h">
      <Filter>Audio</Filter>
    </ClInclude>
    <ClInclude Include="..\..\..\_common\include\MoogFilterNode.h">
      <Filter>Audio</Filter>
    </ClInclude>
    <ClInclude Include="..\..\..\_common\include\NoteSequencer.h">
      <Filter>Audio</Filter>
    </ClInclude>
    <ClInclude Include="..\..\..\_common\include\Pattern.h">
      <Filter>Audio</Filter>
    </ClInclude>
    <ClInclude Include="..\..\..\_common\include\PitchedBufferPlayerNode.hpp">
      <Filter>Audio</Filter>
    </ClInclude>
    <ClInclude Include="..\..\..\_common\include\PolySamplePlayer.hpp">
      <Filter>Audio</Filter>
    </ClInclude>
    <ClInclude Include="..\..\..\_common\include\PolyWavetablePlayer.hpp">
      <Filter>Audio</Filter>
    </ClInclude>
    <ClInclude Include="..\..\..\_common\include\Recorder.hpp">
      <Filter>Audio</Filter>
    </ClInclude>
    <ClInclude Include="..\..\..\_common\include\SampleBank.h">
      <Filter>Audio</Filter>
    </ClInclude>
    <ClInclude Include="..\..\..\_common\include\SampleNode.h">
      <Filter>Audio</Filter>
    </ClInclude>
    <ClInclude Include="..\..\..\_common\include\SampleVoice.hpp">
      <Filter>Audio</Filter>
    </ClInclude>
    <ClInclude Include="..\..\..\_common\include\SequencedSample.h">
      <Filter>Audio</Filter>
    </ClInclude>
    <ClInclude Include="..\..\..\_common\include\Sequencer.hpp">
      <Filter>Audio</Filter>
    </ClInclude>
    <ClInclude Include="..\..\..\_common\include\WavetableVoice.hpp">
      <Filter>Audio</Filter>
    </ClInclude>
    <ClInclude Include="..\..\..\_common\include\EnvelopeFollowerNode.h">
      <Filter>Audio</Filter>
    </ClInclude>
    <ClInclude Include="..\..\..\_common\include\ComparatorNode.h">
      <Filter>Audio</Filter>
    </ClInclude>
    <ClInclude Include="..\..\..\_common\include\Circuits.h">
      <Filter>Audio</Filter>
    </ClInclude>
    <ClInclude Include="..\..\..\_common\include\ClockNode.h">
      <Filter>Audio</Filter>
    </ClInclude>
    <ClInclude Include="..\..\..\_common\include\SequencerNode.h">
      <Filter>Audio</Filter>
    </ClInclude>
  </ItemGroup>
  <ItemGroup>
    <ResourceCompile Include="Resources.rc">
      <Filter>Resource Files</Filter>
    </ResourceCompile>
  </ItemGroup>
  <ItemGroup>
    <ClCompile Include="..\..\..\..\Libraries\Cinder\blocks\Cinder-ImGui\src\CinderImGui.cpp">
      <Filter>Blocks\ImGui\src</Filter>
    </ClCompile>
    <ClCompile Include="..\..\..\..\Libraries\Cinder\blocks\Cinder-ImGui\lib\imgui\imgui_demo.cpp">
      <Filter>Blocks\ImGui\lib\imgui</Filter>
    </ClCompile>
    <ClCompile Include="..\..\..\..\Libraries\Cinder\blocks\Cinder-ImGui\lib\imgui\imgui_draw.cpp">
      <Filter>Blocks\ImGui\lib\imgui</Filter>
    </ClCompile>
    <ClCompile Include="..\..\..\..\Libraries\Cinder\blocks\Cinder-ImGui\lib\imgui\imgui.cpp">
      <Filter>Blocks\ImGui\lib\imgui</Filter>
    </ClCompile>
    <ClCompile Include="..\..\..\..\Libraries\Cinder\blocks\OSC\src\cinder\osc\Osc.cpp">
      <Filter>Blocks\Osc</Filter>
    </ClCompile>
  </ItemGroup>
</Project>