<Project ToolsVersion="4.0" xmlns="http://schemas.microsoft.com/developer/msbuild/2003">
  <ItemGroup>
    <Filter Include="Source Files">
      <UniqueIdentifier>{4FC737F1-C7A5-4376-A066-2A32D752A2FF}</UniqueIdentifier>
      <Extensions>cpp;c;cc;cxx;def;odl;idl;hpj;bat;asm;asmx</Extensions>
    </Filter>
    <Filter Include="Header Files">
      <UniqueIdentifier>{93995380-89BD-4b04-88EB-625FBE52EBFB}</UniqueIdentifier>
      <Extensions>h;hpp;hxx;hm;inl;inc;xsd</Extensions>
    </Filter>
    <Filter Include="Resource Files">
      <UniqueIdentifier>{67DA6AB6-F800-4c08-8B7A-83BB121AAD01}</UniqueIdentifier>
      <Extensions>rc;ico;cur;bmp;dlg;rc2;rct;bin;rgs;gif;jpg;jpeg;jpe;resx;tiff;tif;png;wav</Extensions>
    </Filter>
    <Filter Include="Common">
      <UniqueIdentifier>{6c13367e-6935-488d-9dad-d81629b676a9}</UniqueIdentifier>
    </Filter>
    <Filter Include="Common\include">
      <UniqueIdentifier>{0e1aecf0-efb1-4826-b4a3-58a5a83e8666}</UniqueIdentifier>
    </Filter>
    <Filter Include="Common\src">
      <UniqueIdentifier>{3e0f4bbd-0655-4ba3-8111-4ee28873e69b}</UniqueIdentifier>
    </Filter>
  </ItemGroup>
  <ItemGroup>
    <ClCompile Include="..\src\AudioSandboxApp.cpp">
      <Filter>Source Files</Filter>
    </ClCompile>
    <ClCompile Include="..\src\AudioSandboxApp.cpp">
      <Filter>Source Files</Filter>
    </ClCompile>
    <ClInclude Include="..\include\Resources.h">
      <Filter>Header Files</Filter>
    </ClInclude>
    <ClCompile Include="..\src\ParticleSystem.cpp">
      <Filter>Source Files</Filter>
    </ClCompile>
    <ClCompile Include="..\..\..\common\src\AudioManager.cpp">
      <Filter>Common\src</Filter>
    </ClCompile>
    <ClCompile Include="..\..\..\common\src\DistortionNode.cpp">
      <Filter>Common\src</Filter>
    </ClCompile>
    <ClCompile Include="..\..\..\common\src\GranularPlayer.cpp">
      <Filter>Common\src</Filter>
    </ClCompile>
    <ClCompile Include="..\..\..\common\src\Instrument.cpp">
      <Filter>Common\src</Filter>
    </ClCompile>
    <ClCompile Include="..\..\..\common\src\NoteSequencer.cpp">
      <Filter>Common\src</Filter>
    </ClCompile>
    <ClCompile Include="..\..\..\common\src\Pattern.cpp">
      <Filter>Common\src</Filter>
    </ClCompile>
    <ClCompile Include="..\..\..\common\src\PolySamplePlayer.cpp">
      <Filter>Common\src</Filter>
    </ClCompile>
    <ClCompile Include="..\..\..\common\src\PolyWavetablePlayer.cpp">
      <Filter>Common\src</Filter>
    </ClCompile>
    <ClCompile Include="..\..\..\common\src\Recorder.cpp">
      <Filter>Common\src</Filter>
    </ClCompile>
    <ClCompile Include="..\..\..\common\src\SampleBank.cpp">
      <Filter>Common\src</Filter>
    </ClCompile>
    <ClCompile Include="..\..\..\common\src\SampleVoice.cpp">
      <Filter>Common\src</Filter>
    </ClCompile>
    <ClCompile Include="..\..\..\common\src\SequencedSample.cpp">
      <Filter>Common\src</Filter>
    </ClCompile>
    <ClCompile Include="..\..\..\common\src\Sequencer.cpp">
      <Filter>Common\src</Filter>
    </ClCompile>
    <ClCompile Include="..\..\..\common\src\WavetableVoice.cpp">
      <Filter>Common\src</Filter>
    </ClCompile>
  </ItemGroup>
  <ItemGroup>
    <ClInclude Include="..\include\Resources.h">
      <Filter>Header Files</Filter>
    </ClInclude>
    <ClInclude Include="..\src\ParticleSystem.hpp">
      <Filter>Source Files</Filter>
    </ClInclude>
    <ClInclude Include="..\..\..\common\include\AudioManager.hpp">
      <Filter>Common\include</Filter>
    </ClInclude>
    <ClInclude Include="..\..\..\common\include\DistortionNode.h">
      <Filter>Common\include</Filter>
    </ClInclude>
    <ClInclude Include="..\..\..\common\include\GranularPlayer.hpp">
      <Filter>Common\include</Filter>
    </ClInclude>
    <ClInclude Include="..\..\..\common\include\Instrument.hpp">
      <Filter>Common\include</Filter>
    </ClInclude>
    <ClInclude Include="..\..\..\common\include\NoteSequencer.h">
      <Filter>Common\include</Filter>
    </ClInclude>
    <ClInclude Include="..\..\..\common\include\Pattern.h">
      <Filter>Common\include</Filter>
    </ClInclude>
    <ClInclude Include="..\..\..\common\include\PolySamplePlayer.hpp">
      <Filter>Common\include</Filter>
    </ClInclude>
    <ClInclude Include="..\..\..\common\include\PolyWavetablePlayer.hpp">
      <Filter>Common\include</Filter>
    </ClInclude>
    <ClInclude Include="..\..\..\common\include\Recorder.hpp">
      <Filter>Common\include</Filter>
    </ClInclude>
    <ClInclude Include="..\..\..\common\include\SampleBank.h">
      <Filter>Common\include</Filter>
    </ClInclude>
    <ClInclude Include="..\..\..\common\include\SampleVoice.hpp">
      <Filter>Common\include</Filter>
    </ClInclude>
    <ClInclude Include="..\..\..\common\include\SequencedSample.h">
      <Filter>Common\include</Filter>
    </ClInclude>
    <ClInclude Include="..\..\..\common\include\Sequencer.hpp">
      <Filter>Common\include</Filter>
    </ClInclude>
    <ClInclude Include="..\..\..\common\include\WavetableVoice.hpp">
      <Filter>Common\include</Filter>
    </ClInclude>
  </ItemGroup>
  <ItemGroup>
    <ResourceCompile Include="Resources.rc">
      <Filter>Resource Files</Filter>
    </ResourceCompile>
  </ItemGroup>
</Project>